
Microsoft Visual Studio Solution File, Format Version 12.00
# Visual Studio Version 17
VisualStudioVersion = 17.13.35919.96
MinimumVisualStudioVersion = 10.0.40219.1
Project("{FAE04EC0-301F-11D3-BF4B-00C04F79EFBC}") = "ViridiscaUi", "ViridiscaUi.csproj", "{A0840197-CC8F-FF06-ED2D-1E88E4B66932}"
EndProject
Project("{FAE04EC0-301F-11D3-BF4B-00C04F79EFBC}") = "ViridiscaUi.Android", "..\ViridiscaUi.Android\ViridiscaUi.Android.csproj", "{F5318088-E8E3-F352-10E1-EE5B9DA0588F}"
EndProject
Project("{FAE04EC0-301F-11D3-BF4B-00C04F79EFBC}") = "ViridiscaUi.Browser", "..\ViridiscaUi.Browser\ViridiscaUi.Browser.csproj", "{24E30E48-3815-0CAC-97EA-03401C1C12ED}"
EndProject
Project("{FAE04EC0-301F-11D3-BF4B-00C04F79EFBC}") = "ViridiscaUi.Desktop", "..\ViridiscaUi.Desktop\ViridiscaUi.Desktop.csproj", "{C83287D3-A8E2-4499-8BF9-310C500196A1}"
EndProject
Project("{FAE04EC0-301F-11D3-BF4B-00C04F79EFBC}") = "ViridiscaUi.Domain", "..\ViridiscaUi.Domain\ViridiscaUi.Domain.csproj", "{1C7D5793-4DA9-4CC8-BB8D-38E5DF7F3BC0}"
EndProject
Global
	GlobalSection(SolutionConfigurationPlatforms) = preSolution
		Debug|Any CPU = Debug|Any CPU
		Release|Any CPU = Release|Any CPU
	EndGlobalSection
	GlobalSection(ProjectConfigurationPlatforms) = postSolution
		{A0840197-CC8F-FF06-ED2D-1E88E4B66932}.Debug|Any CPU.ActiveCfg = Debug|Any CPU
		{A0840197-CC8F-FF06-ED2D-1E88E4B66932}.Debug|Any CPU.Build.0 = Debug|Any CPU
		{A0840197-CC8F-FF06-ED2D-1E88E4B66932}.Release|Any CPU.ActiveCfg = Release|Any CPU
		{A0840197-CC8F-FF06-ED2D-1E88E4B66932}.Release|Any CPU.Build.0 = Release|Any CPU
		{F5318088-E8E3-F352-10E1-EE5B9DA0588F}.Debug|Any CPU.ActiveCfg = Debug|Any CPU
		{F5318088-E8E3-F352-10E1-EE5B9DA0588F}.Debug|Any CPU.Build.0 = Debug|Any CPU
		{F5318088-E8E3-F352-10E1-EE5B9DA0588F}.Debug|Any CPU.Deploy.0 = Debug|Any CPU
		{F5318088-E8E3-F352-10E1-EE5B9DA0588F}.Release|Any CPU.ActiveCfg = Release|Any CPU
		{F5318088-E8E3-F352-10E1-EE5B9DA0588F}.Release|Any CPU.Build.0 = Release|Any CPU
		{F5318088-E8E3-F352-10E1-EE5B9DA0588F}.Release|Any CPU.Deploy.0 = Release|Any CPU
		{24E30E48-3815-0CAC-97EA-03401C1C12ED}.Debug|Any CPU.ActiveCfg = Debug|Any CPU
		{24E30E48-3815-0CAC-97EA-03401C1C12ED}.Debug|Any CPU.Build.0 = Debug|Any CPU
		{24E30E48-3815-0CAC-97EA-03401C1C12ED}.Release|Any CPU.ActiveCfg = Release|Any CPU
		{24E30E48-3815-0CAC-97EA-03401C1C12ED}.Release|Any CPU.Build.0 = Release|Any CPU
		{C83287D3-A8E2-4499-8BF9-310C500196A1}.Debug|Any CPU.ActiveCfg = Debug|Any CPU
		{C83287D3-A8E2-4499-8BF9-310C500196A1}.Debug|Any CPU.Build.0 = Debug|Any CPU
		{C83287D3-A8E2-4499-8BF9-310C500196A1}.Release|Any CPU.ActiveCfg = Release|Any CPU
		{C83287D3-A8E2-4499-8BF9-310C500196A1}.Release|Any CPU.Build.0 = Release|Any CPU
		{1C7D5793-4DA9-4CC8-BB8D-38E5DF7F3BC0}.Debug|Any CPU.ActiveCfg = Debug|Any CPU
		{1C7D5793-4DA9-4CC8-BB8D-38E5DF7F3BC0}.Debug|Any CPU.Build.0 = Debug|Any CPU
		{1C7D5793-4DA9-4CC8-BB8D-38E5DF7F3BC0}.Release|Any CPU.ActiveCfg = Release|Any CPU
		{1C7D5793-4DA9-4CC8-BB8D-38E5DF7F3BC0}.Release|Any CPU.Build.0 = Release|Any CPU
	EndGlobalSection
	GlobalSection(SolutionProperties) = preSolution
		HideSolutionNode = FALSE
	EndGlobalSection
	GlobalSection(ExtensibilityGlobals) = postSolution
		SolutionGuid = {70F59404-0240-45A8-9724-4162C61A010E}
	EndGlobalSection
EndGlobal
